{
  "name": "uppy-react",
  "version": "0.30.5",
  "lockfileVersion": 1,
  "requires": true,
  "dependencies": {
    "@uppy/core": {
      "version": "0.30.5",
      "resolved": "https://registry.npmjs.org/@uppy/core/-/core-0.30.5.tgz",
      "integrity": "sha512-MekAgvE6MYX4PAW7ouCQEiUWXB4CpDZ0pD/Sbirfn0MbX7CqD2UyT9sEWt5jwZLgKz829G1nOt4TYw0GnzKHrQ==",
      "dev": true,
      "requires": {
        "@uppy/store-default": "0.28.3",
        "@uppy/utils": "0.30.5",
        "cuid": "^2.1.1",
        "lodash.throttle": "^4.1.1",
        "mime-match": "^1.0.2",
        "namespace-emitter": "^2.0.1",
        "preact": "^8.2.9",
        "prettier-bytes": "^1.0.4"
      }
    },
    "@uppy/drag-drop": {
      "version": "0.30.5",
      "resolved": "https://registry.npmjs.org/@uppy/drag-drop/-/drag-drop-0.30.5.tgz",
      "integrity": "sha512-78hu/Pk3OrSI+fEmC4zZaAZrcm4P6qaYx+YsGT1AeMHEzfV1uT1xsTUbyDj7UYmg2riy8OgUIK3VyP4i8uh0OA==",
      "requires": {
        "@uppy/utils": "0.30.5",
        "drag-drop": "2.13.3",
        "preact": "^8.2.9"
      }
    },
    "@uppy/progress-bar": {
      "version": "1.1.0",
      "resolved": "https://registry.npmjs.org/@uppy/progress-bar/-/progress-bar-1.1.0.tgz",
      "integrity": "sha512-BFmW/KJsR35N33SBua+CBAugz89U+rT4nU5Bk53BXTg2lV19rYp8xv1jIC1ygliBD2q8b+xd6KN1kv29+mat8w==",
      "requires": {
        "@uppy/utils": "1.1.0",
        "preact": "8.2.9"
      },
      "dependencies": {
        "@uppy/utils": {
          "version": "1.1.0",
          "resolved": "https://registry.npmjs.org/@uppy/utils/-/utils-1.1.0.tgz",
          "integrity": "sha512-S9uZ4fMnUDbuIxjqsLSCow72g7vdXD9/pwHNsjIqA5AHGHUbPBAGGFbor7YanZ6NZYyE5D0KdVgzAiH6SFLenw==",
          "requires": {
            "lodash.throttle": "^4.1.1"
          }
        },
        "preact": {
          "version": "8.2.9",
          "resolved": "https://registry.npmjs.org/preact/-/preact-8.2.9.tgz",
          "integrity": "sha512-ThuGXBmJS3VsT+jIP+eQufD3L8pRw/PY3FoCys6O9Pu6aF12Pn9zAJDX99TfwRAFOCEKm/P0lwiPTbqKMJp0fA=="
        }
      }
    },
    "@uppy/status-bar": {
      "version": "0.30.5",
      "resolved": "https://registry.npmjs.org/@uppy/status-bar/-/status-bar-0.30.5.tgz",
      "integrity": "sha512-Yfrk4pDksnoEAuykiMiaPiE6JTZElRDuFIwgei/bRPcdNMtAyvF5/uYQ9zjOauivp5zWr8dJ8Y/CgfpxdhjSjw==",
      "requires": {
        "@uppy/utils": "0.30.5",
        "classnames": "^2.2.6",
        "lodash.throttle": "^4.1.1",
        "preact": "^8.2.9",
        "prettier-bytes": "^1.0.4"
      }
    },
    "@uppy/store-default": {
      "version": "0.28.3",
      "resolved": "https://registry.npmjs.org/@uppy/store-default/-/store-default-0.28.3.tgz",
      "integrity": "sha512-H3dHvYnna1D3qGMeEW2Mc4BDe2+73IsshqyqyNawZcOG4EF053D5ZeeoB0DQoXaL290vsHMhYilZbp6O0v6Z8g==",
      "dev": true
    },
    "@uppy/utils": {
      "version": "0.30.5",
      "resolved": "https://registry.npmjs.org/@uppy/utils/-/utils-0.30.5.tgz",
      "integrity": "sha512-kdZK9qqbzduCIRsTUzEtQEv/Q4iTaEuwm75VlFAs+8mTMd0bFMRf/gYyGCAnANkfD2Ad/7cdjxy3FlwLO9gUBg==",
      "requires": {
        "lodash.throttle": "^4.1.1"
      }
    },
    "blob-to-buffer": {
      "version": "1.2.8",
      "resolved": "https://registry.npmjs.org/blob-to-buffer/-/blob-to-buffer-1.2.8.tgz",
      "integrity": "sha512-re0AIxakF504MgeMtIyJkVcZ8T5aUxtp/QmTMlmjyb3P44E1BEv5x3LATBGApWAJATyXHtkXRD+gWTmeyYLiQA=="
    },
    "classnames": {
      "version": "2.2.6",
      "resolved": "https://registry.npmjs.org/classnames/-/classnames-2.2.6.tgz",
      "integrity": "sha512-JR/iSQOSt+LQIWwrwEzJ9uk0xfN3mTVYMwt1Ir5mUcSN6pU+V4zQFFaJsclJbPuAUQH+yfWef6tm7l1quW3C8Q=="
    },
    "cuid": {
      "version": "2.1.6",
      "resolved": "https://registry.npmjs.org/cuid/-/cuid-2.1.6.tgz",
      "integrity": "sha512-ZFp7PS6cSYMJNch9fc3tyHdE4T8TDo3Y5qAxb0KSA9mpiYDo7z9ql1CznFuuzxea9STVIDy0tJWm2lYiX2ZU1Q==",
      "dev": true
    },
    "drag-drop": {
      "version": "2.13.3",
      "resolved": "https://registry.npmjs.org/drag-drop/-/drag-drop-2.13.3.tgz",
      "integrity": "sha512-g+qp+ssi6+v9Qnyyco0dfyA9sYZYYDddGbc0STdMHc9hfyHeYzqGs4v18jFksgHDtYBWf+ocnUkO6jF7MbFudg==",
      "requires": {
        "blob-to-buffer": "^1.0.2",
        "flatten": "^1.0.2",
        "run-parallel": "^1.0.0"
      }
    },
    "flatten": {
      "version": "1.0.2",
      "resolved": "https://registry.npmjs.org/flatten/-/flatten-1.0.2.tgz",
      "integrity": "sha1-2uRqnXj74lKSJYzB54CkHZXAN4I="
    },
    "js-tokens": {
      "version": "4.0.0",
      "resolved": "https://registry.npmjs.org/js-tokens/-/js-tokens-4.0.0.tgz",
      "integrity": "sha512-RdJUflcE3cUzKiMqQgsCu06FPu9UdIJO0beYbPhHN4k6apgJtifcoCtT9bcxOpYBtpD2kCM6Sbzg4CausW/PKQ=="
    },
    "lodash.throttle": {
      "version": "4.1.1",
      "resolved": "https://registry.npmjs.org/lodash.throttle/-/lodash.throttle-4.1.1.tgz",
      "integrity": "sha1-wj6RtxAkKscMN/HhzaknTMOb8vQ="
    },
    "loose-envify": {
      "version": "1.4.0",
      "resolved": "https://registry.npmjs.org/loose-envify/-/loose-envify-1.4.0.tgz",
      "integrity": "sha512-lyuxPGr/Wfhrlem2CL/UcnUc1zcqKAImBDzukY7Y5F/yQiNdko6+fRLevlw1HgMySw7f611UIY408EtxRSoK3Q==",
      "requires": {
        "js-tokens": "^3.0.0 || ^4.0.0"
      }
    },
    "mime-match": {
      "version": "1.0.2",
      "resolved": "https://registry.npmjs.org/mime-match/-/mime-match-1.0.2.tgz",
      "integrity": "sha1-P4fDHprxpf1IX7nbE0Qosju7e6g=",
      "dev": true,
      "requires": {
        "wildcard": "^1.1.0"
      }
    },
    "namespace-emitter": {
      "version": "2.0.1",
      "resolved": "https://registry.npmjs.org/namespace-emitter/-/namespace-emitter-2.0.1.tgz",
      "integrity": "sha512-N/sMKHniSDJBjfrkbS/tpkPj4RAbvW3mr8UAzvlMHyun93XEm83IAvhWtJVHo+RHn/oO8Job5YN4b+wRjSVp5g==",
      "dev": true
    },
    "object-assign": {
      "version": "4.1.1",
      "resolved": "https://registry.npmjs.org/object-assign/-/object-assign-4.1.1.tgz",
      "integrity": "sha1-IQmtx5ZYh8/AXLvUQsrIv7s2CGM="
    },
    "preact": {
      "version": "8.4.2",
      "resolved": "https://registry.npmjs.org/preact/-/preact-8.4.2.tgz",
      "integrity": "sha512-TsINETWiisfB6RTk0wh3/mvxbGRvx+ljeBccZ4Z6MPFKgu/KFGyf2Bmw3Z/jlXhL5JlNKY6QAbA9PVyzIy9//A=="
    },
    "prettier-bytes": {
      "version": "1.0.4",
      "resolved": "https://registry.npmjs.org/prettier-bytes/-/prettier-bytes-1.0.4.tgz",
      "integrity": "sha1-mUsCqkb2mcULYle1+qp/4lV+YtY="
    },
    "prop-types": {
      "version": "15.7.2",
      "resolved": "https://registry.npmjs.org/prop-types/-/prop-types-15.7.2.tgz",
      "integrity": "sha512-8QQikdH7//R2vurIJSutZ1smHYTcLpRWEOlHnzcWHmBYrOGUysKwSsrC89BCiFj3CbrfJ/nXFdJepOVrY1GCHQ==",
      "requires": {
        "loose-envify": "^1.4.0",
        "object-assign": "^4.1.1",
        "react-is": "^16.8.1"
      }
    },
    "react-is": {
      "version": "16.8.6",
      "resolved": "https://registry.npmjs.org/react-is/-/react-is-16.8.6.tgz",
      "integrity": "sha512-aUk3bHfZ2bRSVFFbbeVS4i+lNPZr3/WM5jT2J5omUVV1zzcs1nAaf3l51ctA5FFvCRbhrH0bdAsRRQddFJZPtA=="
    },
    "run-parallel": {
      "version": "1.1.9",
      "resolved": "https://registry.npmjs.org/run-parallel/-/run-parallel-1.1.9.tgz",
      "integrity": "sha512-DEqnSRTDw/Tc3FXf49zedI638Z9onwUotBMiUFKmrO2sdFKIbXamXGQ3Axd4qgphxKB4kw/qP1w5kTxnfU1B9Q=="
    },
    "wildcard": {
      "version": "1.1.2",
      "resolved": "https://registry.npmjs.org/wildcard/-/wildcard-1.1.2.tgz",
      "integrity": "sha1-pwIEUwhNjNLv5wup02liY94XEKU=",
      "dev": true
    }
  }
}
